
Microsoft Visual Studio Solution File, Format Version 12.00
# Visual Studio Version 17
VisualStudioVersion = 17.14.36310.24
MinimumVisualStudioVersion = 10.0.40219.1
Project("{FAE04EC0-301F-11D3-BF4B-00C04F79EFBC}") = "Cinema-BD2", "Cinema-BD2\Cinema-BD2.csproj", "{0D411F95-B9C4-4046-8240-C8E27F58A138}"
EndProject
Global
	GlobalSection(SolutionConfigurationPlatforms) = preSolution
		Debug|Any CPU = Debug|Any CPU
		Release|Any CPU = Release|Any CPU
	EndGlobalSection
	GlobalSection(ProjectConfigurationPlatforms) = postSolution
		{0D411F95-B9C4-4046-8240-C8E27F58A138}.Debug|Any CPU.ActiveCfg = Debug|Any CPU
		{0D411F95-B9C4-4046-8240-C8E27F58A138}.Debug|Any CPU.Build.0 = Debug|Any CPU
		{0D411F95-B9C4-4046-8240-C8E27F58A138}.Release|Any CPU.ActiveCfg = Release|Any CPU
		{0D411F95-B9C4-4046-8240-C8E27F58A138}.Release|Any CPU.Build.0 = Release|Any CPU
	EndGlobalSection
	GlobalSection(SolutionProperties) = preSolution
		HideSolutionNode = FALSE
	EndGlobalSection
	GlobalSection(ExtensibilityGlobals) = postSolution
		SolutionGuid = {F24629C0-21EE-4A57-8A53-AAF1AFCC2371}
	EndGlobalSection
EndGlobal
